
Microsoft Visual Studio Solution File, Format Version 12.00
# Visual Studio Version 17
VisualStudioVersion = 17.10.35013.160
MinimumVisualStudioVersion = 10.0.40219.1
Project("{FAE04EC0-301F-11D3-BF4B-00C04F79EFBC}") = "shadowflickerfix", "shadowflickerfix.csproj", "{7D70FD8E-DCB1-400E-8D8B-7A1E06D56F8F}"
EndProject
Global
	GlobalSection(SolutionConfigurationPlatforms) = preSolution
		Debug|Any CPU = Debug|Any CPU
		Release|Any CPU = Release|Any CPU
	EndGlobalSection
	GlobalSection(ProjectConfigurationPlatforms) = postSolution
		{7D70FD8E-DCB1-400E-8D8B-7A1E06D56F8F}.Debug|Any CPU.ActiveCfg = Debug|Any CPU
		{7D70FD8E-DCB1-400E-8D8B-7A1E06D56F8F}.Debug|Any CPU.Build.0 = Debug|Any CPU
		{7D70FD8E-DCB1-400E-8D8B-7A1E06D56F8F}.Release|Any CPU.ActiveCfg = Release|Any CPU
		{7D70FD8E-DCB1-400E-8D8B-7A1E06D56F8F}.Release|Any CPU.Build.0 = Release|Any CPU
	EndGlobalSection
	GlobalSection(SolutionProperties) = preSolution
		HideSolutionNode = FALSE
	EndGlobalSection
	GlobalSection(ExtensibilityGlobals) = postSolution
		SolutionGuid = {4094306E-ACE7-4FFC-9EF3-E73ADF4B8569}
	EndGlobalSection
EndGlobal
